
Microsoft Visual Studio Solution File, Format Version 12.00
# Visual Studio Version 17
VisualStudioVersion = 17.5.33414.496
MinimumVisualStudioVersion = 10.0.40219.1
Project("{FAE04EC0-301F-11D3-BF4B-00C04F79EFBC}") = "Programa", "Programa.csproj", "{6B9C354E-00AB-4A26-9ED5-FE73FEF8EDC3}"
EndProject
Global
	GlobalSection(SolutionConfigurationPlatforms) = preSolution
		Debug|Any CPU = Debug|Any CPU
		Release|Any CPU = Release|Any CPU
	EndGlobalSection
	GlobalSection(ProjectConfigurationPlatforms) = postSolution
		{6B9C354E-00AB-4A26-9ED5-FE73FEF8EDC3}.Debug|Any CPU.ActiveCfg = Debug|Any CPU
		{6B9C354E-00AB-4A26-9ED5-FE73FEF8EDC3}.Debug|Any CPU.Build.0 = Debug|Any CPU
		{6B9C354E-00AB-4A26-9ED5-FE73FEF8EDC3}.Release|Any CPU.ActiveCfg = Release|Any CPU
		{6B9C354E-00AB-4A26-9ED5-FE73FEF8EDC3}.Release|Any CPU.Build.0 = Release|Any CPU
	EndGlobalSection
	GlobalSection(SolutionProperties) = preSolution
		HideSolutionNode = FALSE
	EndGlobalSection
	GlobalSection(ExtensibilityGlobals) = postSolution
		SolutionGuid = {121D12D8-1660-4364-82A2-ACB6D1147C53}
	EndGlobalSection
EndGlobal
